
Microsoft Visual Studio Solution File, Format Version 12.00
# Visual Studio 15
VisualStudioVersion = 15.0.27004.2002
MinimumVisualStudioVersion = 10.0.40219.1
Project("{FAE04EC0-301F-11D3-BF4B-00C04F79EFBC}") = "MySqlWeb", "MySqlWeb\MySqlWeb.csproj", "{4AC19FB0-7A48-4485-8CE6-0A4BC3B0A91C}"
EndProject
Project("{FAE04EC0-301F-11D3-BF4B-00C04F79EFBC}") = "PostgresWeb", "PostgresWeb\PostgresWeb.csproj", "{171D6CDF-D344-438A-A834-0108FED059D0}"
EndProject
Project("{2150E333-8FDC-42A3-9474-1A3956D46DE8}") = "Solution Items", "Solution Items", "{10F66FFB-7C84-467C-821B-E3B326536D11}"
	ProjectSection(SolutionItems) = preProject
		README.md = README.md
	EndProjectSection
EndProject
Project("{FAE04EC0-301F-11D3-BF4B-00C04F79EFBC}") = "SqlServerWeb", "SqlServerWeb\SqlServerWeb.csproj", "{A2B26B80-2AA5-4213-AE49-806675F1FDCD}"
EndProject
Global
	GlobalSection(SolutionConfigurationPlatforms) = preSolution
		Debug|Any CPU = Debug|Any CPU
		Release|Any CPU = Release|Any CPU
	EndGlobalSection
	GlobalSection(ProjectConfigurationPlatforms) = postSolution
		{4AC19FB0-7A48-4485-8CE6-0A4BC3B0A91C}.Debug|Any CPU.ActiveCfg = Debug|Any CPU
		{4AC19FB0-7A48-4485-8CE6-0A4BC3B0A91C}.Debug|Any CPU.Build.0 = Debug|Any CPU
		{4AC19FB0-7A48-4485-8CE6-0A4BC3B0A91C}.Release|Any CPU.ActiveCfg = Release|Any CPU
		{4AC19FB0-7A48-4485-8CE6-0A4BC3B0A91C}.Release|Any CPU.Build.0 = Release|Any CPU
		{171D6CDF-D344-438A-A834-0108FED059D0}.Debug|Any CPU.ActiveCfg = Debug|Any CPU
		{171D6CDF-D344-438A-A834-0108FED059D0}.Debug|Any CPU.Build.0 = Debug|Any CPU
		{171D6CDF-D344-438A-A834-0108FED059D0}.Release|Any CPU.ActiveCfg = Release|Any CPU
		{171D6CDF-D344-438A-A834-0108FED059D0}.Release|Any CPU.Build.0 = Release|Any CPU
		{A2B26B80-2AA5-4213-AE49-806675F1FDCD}.Debug|Any CPU.ActiveCfg = Debug|Any CPU
		{A2B26B80-2AA5-4213-AE49-806675F1FDCD}.Debug|Any CPU.Build.0 = Debug|Any CPU
		{A2B26B80-2AA5-4213-AE49-806675F1FDCD}.Release|Any CPU.ActiveCfg = Release|Any CPU
		{A2B26B80-2AA5-4213-AE49-806675F1FDCD}.Release|Any CPU.Build.0 = Release|Any CPU
	EndGlobalSection
	GlobalSection(SolutionProperties) = preSolution
		HideSolutionNode = FALSE
	EndGlobalSection
	GlobalSection(ExtensibilityGlobals) = postSolution
		SolutionGuid = {12382F32-7CEB-4C3A-BE3F-751DB9479454}
	EndGlobalSection
EndGlobal
